{
  "version": 4,
  "terraform_version": "0.12.3",
  "serial": 124,
  "lineage": "24e33a77-c1e9-8189-bda5-01f1f0c50299",
  "outputs": {},
  "resources": [
    {
      "mode": "managed",
      "type": "azurerm_network_interface",
      "name": "main",
      "provider": "provider.azurerm",
      "instances": [
        {
          "schema_version": 0,
          "attributes": {
            "applied_dns_servers": [],
            "dns_servers": [],
            "enable_accelerated_networking": false,
            "enable_ip_forwarding": false,
            "id": "/subscriptions/85e7f6e0-3f28-46fe-8898-f8f8f10265cf/resourceGroups/newResource/providers/Microsoft.Network/networkInterfaces/MyNic",
            "internal_dns_name_label": "",
            "internal_fqdn": "",
            "ip_configuration": [
              {
                "application_gateway_backend_address_pools_ids": [],
                "application_security_group_ids": [],
                "load_balancer_backend_address_pools_ids": [],
                "load_balancer_inbound_nat_rules_ids": [],
                "name": "MyNicConfig",
                "primary": true,
                "private_ip_address": "",
                "private_ip_address_allocation": "dynamic",
                "private_ip_address_version": "IPv4",
                "public_ip_address_id": "/subscriptions/85e7f6e0-3f28-46fe-8898-f8f8f10265cf/resourceGroups/newResource/providers/Microsoft.Network/publicIPAddresses/MyStaticIP",
                "subnet_id": "/subscriptions/85e7f6e0-3f28-46fe-8898-f8f8f10265cf/resourceGroups/newResource/providers/Microsoft.Network/virtualNetworks/MyVirtualNetwork/subnets/MyFirstSubnet"
              }
            ],
            "location": "ukwest",
            "mac_address": "",
            "name": "MyNic",
            "network_security_group_id": "/subscriptions/85e7f6e0-3f28-46fe-8898-f8f8f10265cf/resourceGroups/newResource/providers/Microsoft.Network/networkSecurityGroups/MySecurityNetwork",
            "private_ip_address": "10.0.1.4",
            "private_ip_addresses": [
              "10.0.1.4"
            ],
            "resource_group_name": "newResource",
            "tags": {},
            "virtual_machine_id": null
          },
          "private": "bnVsbA==",
          "depends_on": [
            "azurerm_network_security_group.main",
            "azurerm_public_ip.main",
            "azurerm_resource_group.main",
            "azurerm_subnet.main"
          ]
        }
      ]
    },
    {
      "mode": "managed",
      "type": "azurerm_network_security_group",
      "name": "main",
      "provider": "provider.azurerm",
      "instances": [
        {
          "schema_version": 0,
          "attributes": {
            "id": "/subscriptions/85e7f6e0-3f28-46fe-8898-f8f8f10265cf/resourceGroups/newResource/providers/Microsoft.Network/networkSecurityGroups/MySecurityNetwork",
            "location": "ukwest",
            "name": "MySecurityNetwork",
            "resource_group_name": "newResource",
            "security_rule": [],
            "tags": {}
          },
          "private": "bnVsbA==",
          "depends_on": [
            "azurerm_resource_group.main"
          ]
        }
      ]
    },
    {
      "mode": "managed",
      "type": "azurerm_network_security_rule",
      "name": "http_rule",
      "provider": "provider.azurerm",
      "instances": [
        {
          "schema_version": 0,
          "attributes": {
            "access": "Allow",
            "description": "",
            "destination_address_prefix": "*",
            "destination_address_prefixes": null,
            "destination_application_security_group_ids": null,
            "destination_port_range": "80",
            "destination_port_ranges": null,
            "direction": "Inbound",
            "id": "/subscriptions/85e7f6e0-3f28-46fe-8898-f8f8f10265cf/resourceGroups/newResource/providers/Microsoft.Network/networkSecurityGroups/MySecurityNetwork/securityRules/http_access_rule",
            "name": "http_access_rule",
            "network_security_group_name": "MySecurityNetwork",
            "priority": 110,
            "protocol": "Tcp",
            "resource_group_name": "newResource",
            "source_address_prefix": "*",
            "source_address_prefixes": null,
            "source_application_security_group_ids": null,
            "source_port_range": "*",
            "source_port_ranges": null
          },
          "private": "bnVsbA==",
          "depends_on": [
            "azurerm_network_security_group.main",
            "azurerm_resource_group.main"
          ]
        }
      ]
    },
    {
      "mode": "managed",
      "type": "azurerm_network_security_rule",
      "name": "https_rule",
      "provider": "provider.azurerm",
      "instances": [
        {
          "schema_version": 0,
          "attributes": {
            "access": "Allow",
            "description": "",
            "destination_address_prefix": "*",
            "destination_address_prefixes": null,
            "destination_application_security_group_ids": null,
            "destination_port_range": "443",
            "destination_port_ranges": null,
            "direction": "Inbound",
            "id": "/subscriptions/85e7f6e0-3f28-46fe-8898-f8f8f10265cf/resourceGroups/newResource/providers/Microsoft.Network/networkSecurityGroups/MySecurityNetwork/securityRules/https_access_rule",
            "name": "https_access_rule",
            "network_security_group_name": "MySecurityNetwork",
            "priority": 120,
            "protocol": "Tcp",
            "resource_group_name": "newResource",
            "source_address_prefix": "*",
            "source_address_prefixes": null,
            "source_application_security_group_ids": null,
            "source_port_range": "*",
            "source_port_ranges": null
          },
          "private": "bnVsbA==",
          "depends_on": [
            "azurerm_network_security_group.main",
            "azurerm_resource_group.main"
          ]
        }
      ]
    },
    {
      "mode": "managed",
      "type": "azurerm_network_security_rule",
      "name": "port8080_rule",
      "provider": "provider.azurerm",
      "instances": [
        {
          "schema_version": 0,
          "attributes": {
            "access": "Allow",
            "description": "",
            "destination_address_prefix": "*",
            "destination_address_prefixes": null,
            "destination_application_security_group_ids": null,
            "destination_port_range": "8080",
            "destination_port_ranges": null,
            "direction": "Inbound",
            "id": "/subscriptions/85e7f6e0-3f28-46fe-8898-f8f8f10265cf/resourceGroups/newResource/providers/Microsoft.Network/networkSecurityGroups/MySecurityNetwork/securityRules/8080_access_rule",
            "name": "8080_access_rule",
            "network_security_group_name": "MySecurityNetwork",
            "priority": 130,
            "protocol": "Tcp",
            "resource_group_name": "newResource",
            "source_address_prefix": "*",
            "source_address_prefixes": null,
            "source_application_security_group_ids": null,
            "source_port_range": "*",
            "source_port_ranges": null
          },
          "private": "bnVsbA==",
          "depends_on": [
            "azurerm_network_security_group.main",
            "azurerm_resource_group.main"
          ]
        }
      ]
    },
    {
      "mode": "managed",
      "type": "azurerm_network_security_rule",
      "name": "ssh_rule",
      "provider": "provider.azurerm",
      "instances": [
        {
          "schema_version": 0,
          "attributes": {
            "access": "Allow",
            "description": "",
            "destination_address_prefix": "*",
            "destination_address_prefixes": null,
            "destination_application_security_group_ids": null,
            "destination_port_range": "22",
            "destination_port_ranges": null,
            "direction": "Inbound",
            "id": "/subscriptions/85e7f6e0-3f28-46fe-8898-f8f8f10265cf/resourceGroups/newResource/providers/Microsoft.Network/networkSecurityGroups/MySecurityNetwork/securityRules/ssh_access_rule",
            "name": "ssh_access_rule",
            "network_security_group_name": "MySecurityNetwork",
            "priority": 100,
            "protocol": "Tcp",
            "resource_group_name": "newResource",
            "source_address_prefix": "*",
            "source_address_prefixes": null,
            "source_application_security_group_ids": null,
            "source_port_range": "*",
            "source_port_ranges": null
          },
          "private": "bnVsbA==",
          "depends_on": [
            "azurerm_network_security_group.main",
            "azurerm_resource_group.main"
          ]
        }
      ]
    },
    {
      "mode": "managed",
      "type": "azurerm_public_ip",
      "name": "main",
      "provider": "provider.azurerm",
      "instances": [
        {
          "schema_version": 0,
          "attributes": {
            "allocation_method": "Static",
            "domain_name_label": null,
            "fqdn": null,
            "id": "/subscriptions/85e7f6e0-3f28-46fe-8898-f8f8f10265cf/resourceGroups/newResource/providers/Microsoft.Network/publicIPAddresses/MyStaticIP",
            "idle_timeout_in_minutes": 4,
            "ip_address": "51.140.252.217",
            "ip_version": "IPv4",
            "location": "ukwest",
            "name": "MyStaticIP",
            "public_ip_address_allocation": "Static",
            "public_ip_prefix_id": null,
            "resource_group_name": "newResource",
            "reverse_fqdn": null,
            "sku": "Basic",
            "tags": {},
            "zones": null
          },
          "private": "bnVsbA==",
          "depends_on": [
            "azurerm_resource_group.main"
          ]
        }
      ]
    },
    {
      "mode": "managed",
      "type": "azurerm_resource_group",
      "name": "main",
      "provider": "provider.azurerm",
      "instances": [
        {
          "schema_version": 0,
          "attributes": {
            "id": "/subscriptions/85e7f6e0-3f28-46fe-8898-f8f8f10265cf/resourceGroups/newResource",
            "location": "ukwest",
            "name": "newResource",
            "tags": {}
          },
          "private": "bnVsbA=="
        }
      ]
    },
    {
      "mode": "managed",
      "type": "azurerm_storage_account",
      "name": "main",
      "provider": "provider.azurerm",
      "instances": [
        {
          "schema_version": 2,
          "attributes": {
            "access_tier": "",
            "account_encryption_source": "Microsoft.Storage",
            "account_kind": "Storage",
            "account_replication_type": "LRS",
            "account_tier": "Standard",
            "account_type": "Standard_LRS",
            "custom_domain": [],
            "enable_blob_encryption": true,
            "enable_file_encryption": true,
            "enable_https_traffic_only": false,
            "id": "/subscriptions/85e7f6e0-3f28-46fe-8898-f8f8f10265cf/resourceGroups/newResource/providers/Microsoft.Storage/storageAccounts/diagdadc0985caccb953",
            "identity": [],
            "is_hns_enabled": false,
            "location": "ukwest",
            "name": "diagdadc0985caccb953",
            "network_rules": [],
            "primary_access_key": "d1j8UFGKwKX63U6maPEqaChMXDfJwN/4XafoPtK4nICaXo5dqS2/kf4OzMzqgI4O1y4b712+vNgO3n89h1Odeg==",
            "primary_blob_connection_string": "DefaultEndpointsProtocol=https;BlobEndpoint=https://diagdadc0985caccb953.blob.core.windows.net/;AccountName=diagdadc0985caccb953;AccountKey=d1j8UFGKwKX63U6maPEqaChMXDfJwN/4XafoPtK4nICaXo5dqS2/kf4OzMzqgI4O1y4b712+vNgO3n89h1Odeg==",
            "primary_blob_endpoint": "https://diagdadc0985caccb953.blob.core.windows.net/",
            "primary_blob_host": "diagdadc0985caccb953.blob.core.windows.net",
            "primary_connection_string": "DefaultEndpointsProtocol=https;AccountName=diagdadc0985caccb953;AccountKey=d1j8UFGKwKX63U6maPEqaChMXDfJwN/4XafoPtK4nICaXo5dqS2/kf4OzMzqgI4O1y4b712+vNgO3n89h1Odeg==;EndpointSuffix=core.windows.net",
            "primary_dfs_endpoint": "",
            "primary_dfs_host": "",
            "primary_file_endpoint": "https://diagdadc0985caccb953.file.core.windows.net/",
            "primary_file_host": "diagdadc0985caccb953.file.core.windows.net",
            "primary_location": "ukwest",
            "primary_queue_endpoint": "https://diagdadc0985caccb953.queue.core.windows.net/",
            "primary_queue_host": "diagdadc0985caccb953.queue.core.windows.net",
            "primary_table_endpoint": "https://diagdadc0985caccb953.table.core.windows.net/",
            "primary_table_host": "diagdadc0985caccb953.table.core.windows.net",
            "primary_web_endpoint": "",
            "primary_web_host": "",
            "resource_group_name": "newResource",
            "secondary_access_key": "KAkLyruBwBAIGPQk4VfRuK7fgN4qXnUs9dwB2g9mp/XWiJJKArF6FNM6S/o2gfgJ8krqnu/1bvGWotntXFGZGg==",
            "secondary_blob_connection_string": "",
            "secondary_blob_endpoint": null,
            "secondary_blob_host": null,
            "secondary_connection_string": "DefaultEndpointsProtocol=https;AccountName=diagdadc0985caccb953;AccountKey=KAkLyruBwBAIGPQk4VfRuK7fgN4qXnUs9dwB2g9mp/XWiJJKArF6FNM6S/o2gfgJ8krqnu/1bvGWotntXFGZGg==;EndpointSuffix=core.windows.net",
            "secondary_dfs_endpoint": null,
            "secondary_dfs_host": null,
            "secondary_file_endpoint": null,
            "secondary_file_host": null,
            "secondary_location": "",
            "secondary_queue_endpoint": null,
            "secondary_queue_host": null,
            "secondary_table_endpoint": null,
            "secondary_table_host": null,
            "secondary_web_endpoint": null,
            "secondary_web_host": null,
            "tags": {}
          },
          "private": "eyJzY2hlbWFfdmVyc2lvbiI6IjIifQ==",
          "depends_on": [
            "azurerm_resource_group.main",
            "random_id.MyRand"
          ]
        }
      ]
    },
    {
      "mode": "managed",
      "type": "azurerm_subnet",
      "name": "main",
      "provider": "provider.azurerm",
      "instances": [
        {
          "schema_version": 0,
          "attributes": {
            "address_prefix": "10.0.1.0/24",
            "delegation": [],
            "id": "/subscriptions/85e7f6e0-3f28-46fe-8898-f8f8f10265cf/resourceGroups/newResource/providers/Microsoft.Network/virtualNetworks/MyVirtualNetwork/subnets/MyFirstSubnet",
            "ip_configurations": [],
            "name": "MyFirstSubnet",
            "network_security_group_id": "",
            "resource_group_name": "newResource",
            "route_table_id": "",
            "service_endpoints": null,
            "virtual_network_name": "MyVirtualNetwork"
          },
          "private": "bnVsbA==",
          "depends_on": [
            "azurerm_resource_group.main",
            "azurerm_virtual_network.main"
          ]
        }
      ]
    },
    {
      "mode": "managed",
      "type": "azurerm_virtual_machine",
      "name": "MyVM",
      "provider": "provider.azurerm",
      "instances": [
        {
          "schema_version": 0,
          "attributes": {
            "availability_set_id": null,
            "boot_diagnostics": [
              {
                "enabled": true,
                "storage_uri": "https://diagdadc0985caccb953.blob.core.windows.net/"
              }
            ],
            "delete_data_disks_on_termination": false,
            "delete_os_disk_on_termination": false,
            "id": "/subscriptions/85e7f6e0-3f28-46fe-8898-f8f8f10265cf/resourceGroups/newResource/providers/Microsoft.Compute/virtualMachines/MyVM",
            "identity": [],
            "license_type": null,
            "location": "ukwest",
            "name": "MyVM",
            "network_interface_ids": [
              "/subscriptions/85e7f6e0-3f28-46fe-8898-f8f8f10265cf/resourceGroups/newResource/providers/Microsoft.Network/networkInterfaces/MyNic"
            ],
            "os_profile": [
              {
                "admin_password": "",
                "admin_username": "AdminUser",
                "computer_name": "MyVM",
                "custom_data": ""
              }
            ],
            "os_profile_linux_config": [
              {
                "disable_password_authentication": true,
                "ssh_keys": [
                  {
                    "key_data": "ssh-rsa AAAAB3NzaC1yc2EAAAADAQABAAABAQDj3b96h0dekHwhyQxT+Rk/Al1ioqEmWbUOaCz5vGJWMfd6RQe2vCmywiiXHF7Pu9RZxdJN1gNbOncVcB93e+VQxa0zkH6oWeoFoHvOAyzdcLCZMpMWytgMpMHlTC/p+ESyPN07Y5dBZUk/p7xIlOoiSV70k7DXcT3MS/895WmPlk04VKwlCX497d4UooZ+YxBqTnxoJDGyWh9hMZSLsoAJJFeQoNshtSxxVDb90p9qr8uV6TQQNuPWX273YPKPnEr9yDBwm2f2uNq7NaFdw3OsjJWYf2UkOFinSzU+S61fwhJyvHe1MEiTc6hT7iqooe5EX4nLPDN7aHZetMDV/JJz danny@danny-VirtualBox\n",
                    "path": "/home/AdminUser/.ssh/authorized_keys"
                  }
                ]
              }
            ],
            "os_profile_secrets": [],
            "os_profile_windows_config": [],
            "plan": [],
            "primary_network_interface_id": null,
            "resource_group_name": "newResource",
            "storage_data_disk": [],
            "storage_image_reference": [
              {
                "id": "",
                "offer": "UbuntuServer",
                "publisher": "Canonical",
                "sku": "16.04.0-LTS",
                "version": "latest"
              }
            ],
            "storage_os_disk": [
              {
                "caching": "ReadWrite",
                "create_option": "FromImage",
                "disk_size_gb": 30,
                "image_uri": "",
                "managed_disk_id": "/subscriptions/85e7f6e0-3f28-46fe-8898-f8f8f10265cf/resourceGroups/newResource/providers/Microsoft.Compute/disks/MyOSDisk",
                "managed_disk_type": "Premium_LRS",
                "name": "MyOSDisk",
                "os_type": "Linux",
                "vhd_uri": "",
                "write_accelerator_enabled": false
              }
            ],
            "tags": {},
            "vm_size": "Standard_DS1_v2",
            "zones": null
          },
          "private": "bnVsbA==",
          "depends_on": [
            "azurerm_network_interface.main",
            "azurerm_resource_group.main",
            "azurerm_storage_account.main"
          ]
        }
      ]
    },
    {
      "mode": "managed",
      "type": "azurerm_virtual_network",
      "name": "main",
      "provider": "provider.azurerm",
      "instances": [
        {
          "schema_version": 0,
          "attributes": {
            "address_space": [
              "10.0.0.0/16"
            ],
            "ddos_protection_plan": [],
            "dns_servers": null,
            "id": "/subscriptions/85e7f6e0-3f28-46fe-8898-f8f8f10265cf/resourceGroups/newResource/providers/Microsoft.Network/virtualNetworks/MyVirtualNetwork",
            "location": "ukwest",
            "name": "MyVirtualNetwork",
            "resource_group_name": "newResource",
            "subnet": [],
            "tags": {}
          },
          "private": "bnVsbA==",
          "depends_on": [
            "azurerm_resource_group.main"
          ]
        }
      ]
    },
    {
      "mode": "managed",
      "type": "random_id",
      "name": "MyRand",
      "provider": "provider.random",
      "instances": [
        {
          "schema_version": 0,
          "attributes": {
            "b64": "2twJhcrMuVM",
            "b64_std": "2twJhcrMuVM=",
            "b64_url": "2twJhcrMuVM",
            "byte_length": 8,
            "dec": "15770490465382349139",
            "hex": "dadc0985caccb953",
            "id": "2twJhcrMuVM",
            "keepers": {
              "resource_group": "newResource"
            },
            "prefix": null
          },
          "private": "bnVsbA==",
          "depends_on": [
            "azurerm_resource_group.main"
          ]
        }
      ]
    }
  ]
}
