{
  "version": 4,
  "terraform_version": "0.12.3",
  "serial": 69,
  "lineage": "a3c82d40-08d2-0831-b68a-7b649685a74b",
  "outputs": {},
  "resources": [
    {
      "mode": "managed",
      "type": "google_compute_firewall",
      "name": "default",
      "provider": "provider.google",
      "instances": [
        {
          "schema_version": 1,
          "attributes": {
            "allow": [
              {
                "ports": [
                  "8080",
                  "4200"
                ],
                "protocol": "tcp"
              },
              {
                "ports": [],
                "protocol": "icmp"
              }
            ],
            "creation_timestamp": "2019-07-11T03:05:31.787-07:00",
            "deny": [],
            "description": "",
            "destination_ranges": [],
            "direction": "INGRESS",
            "disabled": false,
            "id": "danny-1562750321-firewall",
            "name": "danny-1562750321-firewall",
            "network": "https://www.googleapis.com/compute/v1/projects/danny-1562750321/global/networks/default",
            "priority": 1000,
            "project": "danny-1562750321",
            "self_link": "https://www.googleapis.com/compute/v1/projects/danny-1562750321/global/firewalls/danny-1562750321-firewall",
            "source_ranges": [
              "0.0.0.0/0"
            ],
            "source_service_accounts": null,
            "source_tags": null,
            "target_service_accounts": null,
            "target_tags": [
              "danny-1562750321"
            ],
            "timeouts": null
          },
          "private": "eyJlMmJmYjczMC1lY2FhLTExZTYtOGY4OC0zNDM2M2JjN2M0YzAiOnsiY3JlYXRlIjoyNDAwMDAwMDAwMDAsImRlbGV0ZSI6MjQwMDAwMDAwMDAwLCJ1cGRhdGUiOjI0MDAwMDAwMDAwMH0sInNjaGVtYV92ZXJzaW9uIjoiMSJ9"
        }
      ]
    },
    {
      "mode": "managed",
      "type": "google_compute_instance",
      "name": "default",
      "provider": "provider.google",
      "instances": [
        {
          "schema_version": 6,
          "attributes": {
            "allow_stopping_for_update": null,
            "attached_disk": [],
            "boot_disk": [
              {
                "auto_delete": true,
                "device_name": "persistent-disk-0",
                "disk_encryption_key_raw": "",
                "disk_encryption_key_sha256": "",
                "initialize_params": [
                  {
                    "image": "https://www.googleapis.com/compute/v1/projects/ubuntu-os-cloud/global/images/ubuntu-1804-bionic-v20190628",
                    "size": 10,
                    "type": "pd-standard"
                  }
                ],
                "kms_key_self_link": "",
                "source": "https://www.googleapis.com/compute/v1/projects/danny-1562750321/zones/europe-west2-c/disks/danny-1562750321"
              }
            ],
            "can_ip_forward": false,
            "cpu_platform": "Intel Broadwell",
            "deletion_protection": false,
            "description": null,
            "disk": [],
            "guest_accelerator": [],
            "hostname": "",
            "id": "danny-1562750321",
            "instance_id": "6741683250454509312",
            "label_fingerprint": "42WmSpB8rSM=",
            "labels": null,
            "machine_type": "n1-standard-1",
            "metadata": {
              "sshKeys": "terraform:ssh-rsa AAAAB3NzaC1yc2EAAAADAQABAAABAQDj3b96h0dekHwhyQxT+Rk/Al1ioqEmWbUOaCz5vGJWMfd6RQe2vCmywiiXHF7Pu9RZxdJN1gNbOncVcB93e+VQxa0zkH6oWeoFoHvOAyzdcLCZMpMWytgMpMHlTC/p+ESyPN07Y5dBZUk/p7xIlOoiSV70k7DXcT3MS/895WmPlk04VKwlCX497d4UooZ+YxBqTnxoJDGyWh9hMZSLsoAJJFeQoNshtSxxVDb90p9qr8uV6TQQNuPWX273YPKPnEr9yDBwm2f2uNq7NaFdw3OsjJWYf2UkOFinSzU+S61fwhJyvHe1MEiTc6hT7iqooe5EX4nLPDN7aHZetMDV/JJz danny@danny-VirtualBox\n"
            },
            "metadata_fingerprint": "B0IXL0fayak=",
            "metadata_startup_script": "",
            "min_cpu_platform": "",
            "name": "danny-1562750321",
            "network_interface": [
              {
                "access_config": [
                  {
                    "assigned_nat_ip": "",
                    "nat_ip": "35.234.151.45",
                    "network_tier": "PREMIUM",
                    "public_ptr_domain_name": ""
                  }
                ],
                "address": "",
                "alias_ip_range": [],
                "name": "nic0",
                "network": "https://www.googleapis.com/compute/v1/projects/danny-1562750321/global/networks/default",
                "network_ip": "10.154.0.25",
                "subnetwork": "https://www.googleapis.com/compute/v1/projects/danny-1562750321/regions/europe-west2/subnetworks/default",
                "subnetwork_project": "danny-1562750321"
              }
            ],
            "project": "danny-1562750321",
            "scheduling": [
              {
                "automatic_restart": true,
                "node_affinities": [],
                "on_host_maintenance": "MIGRATE",
                "preemptible": false
              }
            ],
            "scratch_disk": [],
            "self_link": "https://www.googleapis.com/compute/v1/projects/danny-1562750321/zones/europe-west2-c/instances/danny-1562750321",
            "service_account": [],
            "shielded_instance_config": [],
            "tags": [
              "danny-1562750321"
            ],
            "tags_fingerprint": "Nm9axj9ETTI=",
            "timeouts": null,
            "zone": "europe-west2-c"
          },
          "private": "eyJlMmJmYjczMC1lY2FhLTExZTYtOGY4OC0zNDM2M2JjN2M0YzAiOnsiY3JlYXRlIjoxMjAwMDAwMDAwMDAwLCJkZWxldGUiOjEyMDAwMDAwMDAwMDAsInVwZGF0ZSI6MTIwMDAwMDAwMDAwMH0sInNjaGVtYV92ZXJzaW9uIjoiNiJ9"
        }
      ]
    }
  ]
}
